// !$*UTF8*$!
{
	archiveVersion = 1;
	classes = {
	};
	objectVersion = 46;
	objects = {

/* Begin PBXBuildFile section */
		7F86588D1D76620800CDA0E3 /* main.swift in Sources */ = {isa = PBXBuildFile; fileRef = 7F86588C1D76620800CDA0E3 /* main.swift */; };
		7F8658941D76622E00CDA0E3 /* SpreadsheetProblem.swift in Sources */ = {isa = PBXBuildFile; fileRef = 7F8658931D76622E00CDA0E3 /* SpreadsheetProblem.swift */; };
/* End PBXBuildFile section */

/* Begin PBXCopyFilesBuildPhase section */
		7F8658871D76620800CDA0E3 /* CopyFiles */ = {
			isa = PBXCopyFilesBuildPhase;
			buildActionMask = 2147483647;
			dstPath = /usr/share/man/man1/;
			dstSubfolderSpec = 0;
			files = (
			);
			runOnlyForDeploymentPostprocessing = 1;
		};
/* End PBXCopyFilesBuildPhase section */

/* Begin PBXFileReference section */
		7F8658891D76620800CDA0E3 /* StringProblems */ = {isa = PBXFileReference; explicitFileType = "compiled.mach-o.executable"; includeInIndex = 0; path = StringProblems; sourceTree = BUILT_PRODUCTS_DIR; };
		7F86588C1D76620800CDA0E3 /* main.swift */ = {isa = PBXFileReference; lastKnownFileType = sourcecode.swift; path = main.swift; sourceTree = "<group>"; };
		7F8658931D76622E00CDA0E3 /* SpreadsheetProblem.swift */ = {isa = PBXFileReference; fileEncoding = 4; lastKnownFileType = sourcecode.swift; path = SpreadsheetProblem.swift; sourceTree = "<group>"; };
		7F8658951D76A21F00CDA0E3 /* SpreadsheetProblem.playground */ = {isa = PBXFileReference; lastKnownFileType = file.playground; path = SpreadsheetProblem.playground; sourceTree = "<group>"; };
/* End PBXFileReference section */

/* Begin PBXFrameworksBuildPhase section */
		7F8658861D76620800CDA0E3 /* Frameworks */ = {
			isa = PBXFrameworksBuildPhase;
			buildActionMask = 2147483647;
			files = (
			);
			runOnlyForDeploymentPostprocessing = 0;
		};
/* End PBXFrameworksBuildPhase section */

/* Begin PBXGroup section */
		7F8658801D76620800CDA0E3 = {
			isa = PBXGroup;
			children = (
				7F86588B1D76620800CDA0E3 /* StringProblems */,
				7F86588A1D76620800CDA0E3 /* Products */,
			);
			sourceTree = "<group>";
		};
		7F86588A1D76620800CDA0E3 /* Products */ = {
			isa = PBXGroup;
			children = (
				7F8658891D76620800CDA0E3 /* StringProblems */,
			);
			name = Products;
			sourceTree = "<group>";
		};
		7F86588B1D76620800CDA0E3 /* StringProblems */ = {
			isa = PBXGroup;
			children = (
				7F86588C1D76620800CDA0E3 /* main.swift */,
				7F8658931D76622E00CDA0E3 /* SpreadsheetProblem.swift */,
				7F8658951D76A21F00CDA0E3 /* SpreadsheetProblem.playground */,
			);
			path = StringProblems;
			sourceTree = "<group>";
		};
/* End PBXGroup section */

/* Begin PBXNativeTarget section */
		7F8658881D76620800CDA0E3 /* StringProblems */ = {
			isa = PBXNativeTarget;
			buildConfigurationList = 7F8658901D76620800CDA0E3 /* Build configuration list for PBXNativeTarget "StringProblems" */;
			buildPhases = (
				7F8658851D76620800CDA0E3 /* Sources */,
				7F8658861D76620800CDA0E3 /* Frameworks */,
				7F8658871D76620800CDA0E3 /* CopyFiles */,
			);
			buildRules = (
			);
			dependencies = (
			);
			name = StringProblems;
			productName = StringProblems;
			productReference = 7F8658891D76620800CDA0E3 /* StringProblems */;
			productType = "com.apple.product-type.tool";
		};
/* End PBXNativeTarget section */

/* Begin PBXProject section */
		7F8658811D76620800CDA0E3 /* Project object */ = {
			isa = PBXProject;
			attributes = {
				LastSwiftUpdateCheck = 0730;
				LastUpgradeCheck = 0730;
				ORGANIZATIONNAME = Dhaval;
				TargetAttributes = {
					7F8658881D76620800CDA0E3 = {
						CreatedOnToolsVersion = 7.3.1;
					};
				};
			};
			buildConfigurationList = 7F8658841D76620800CDA0E3 /* Build configuration list for PBXProject "StringProblems" */;
			compatibilityVersion = "Xcode 3.2";
			developmentRegion = English;
			hasScannedForEncodings = 0;
			knownRegions = (
				en,
			);
			mainGroup = 7F8658801D76620800CDA0E3;
			productRefGroup = 7F86588A1D76620800CDA0E3 /* Products */;
			projectDirPath = "";
			projectRoot = "";
			targets = (
				7F8658881D76620800CDA0E3 /* StringProblems */,
			);
		};
/* End PBXProject section */

/* Begin PBXSourcesBuildPhase section */
		7F8658851D76620800CDA0E3 /* Sources */ = {
			isa = PBXSourcesBuildPhase;
			buildActionMask = 2147483647;
			files = (
				7F8658941D76622E00CDA0E3 /* SpreadsheetProblem.swift in Sources */,
				7F86588D1D76620800CDA0E3 /* main.swift in Sources */,
			);
			runOnlyForDeploymentPostprocessing = 0;
		};
/* End PBXSourcesBuildPhase section */

/* Begin XCBuildConfiguration section */
		7F86588E1D76620800CDA0E3 /* Debug */ = {
			isa = XCBuildConfiguration;
			buildSettings = {
				ALWAYS_SEARCH_USER_PATHS = NO;
				CLANG_ANALYZER_NONNULL = YES;
				CLANG_CXX_LANGUAGE_STANDARD = "gnu++0x";
				CLANG_CXX_LIBRARY = "libc++";
				CLANG_ENABLE_MODULES = YES;
				CLANG_ENABLE_OBJC_ARC = YES;
				CLANG_WARN_BOOL_CONVERSION = YES;
				CLANG_WARN_CONSTANT_CONVERSION = YES;
				CLANG_WARN_DIRECT_OBJC_ISA_USAGE = YES_ERROR;
				CLANG_WARN_EMPTY_BODY = YES;
				CLANG_WARN_ENUM_CONVERSION = YES;
				CLANG_WARN_INT_CONVERSION = YES;
				CLANG_WARN_OBJC_ROOT_CLASS = YES_ERROR;
				CLANG_WARN_UNREACHABLE_CODE = YES;
				CLANG_WARN__DUPLICATE_METHOD_MATCH = YES;
				CODE_SIGN_IDENTITY = "-";
				COPY_PHASE_STRIP = NO;
				DEBUG_INFORMATION_FORMAT = dwarf;
				ENABLE_STRICT_OBJC_MSGSEND = YES;
				ENABLE_TESTABILITY = YES;
				GCC_C_LANGUAGE_STANDARD = gnu99;
				GCC_DYNAMIC_NO_PIC = NO;
				GCC_NO_COMMON_BLOCKS = YES;
				GCC_OPTIMIZATION_LEVEL = 0;
				GCC_PREPROCESSOR_DEFINITIONS = (
					"DEBUG=1",
					"$(inherited)",
				);
				GCC_WARN_64_TO_32_BIT_CONVERSION = YES;
				GCC_WARN_ABOUT_RETURN_TYPE = YES_ERROR;
				GCC_WARN_UNDECLARED_SELECTOR = YES;
				GCC_WARN_UNINITIALIZED_AUTOS = YES_AGGRESSIVE;
				GCC_WARN_UNUSED_FUNCTION = YES;
				GCC_WARN_UNUSED_VARIABLE = YES;
				MACOSX_DEPLOYMENT_TARGET = 10.11;
				MTL_ENABLE_DEBUG_INFO = YES;
				ONLY_ACTIVE_ARCH = YES;
				SDKROOT = macosx;
				SWIFT_OPTIMIZATION_LEVEL = "-Onone";
			};
			name = Debug;
		};
		7F86588F1D76620800CDA0E3 /* Release */ = {
			isa = XCBuildConfiguration;
			buildSettings = {
				ALWAYS_SEARCH_USER_PATHS = NO;
				CLANG_ANALYZER_NONNULL = YES;
				CLANG_CXX_LANGUAGE_STANDARD = "gnu++0x";
				CLANG_CXX_LIBRARY = "libc++";
				CLANG_ENABLE_MODULES = YES;
				CLANG_ENABLE_OBJC_ARC = YES;
				CLANG_WARN_BOOL_CONVERSION = YES;
				CLANG_WARN_CONSTANT_CONVERSION = YES;
				CLANG_WARN_DIRECT_OBJC_ISA_USAGE = YES_ERROR;
				CLANG_WARN_EMPTY_BODY = YES;
				CLANG_WARN_ENUM_CONVERSION = YES;
				CLANG_WARN_INT_CONVERSION = YES;
				CLANG_WARN_OBJC_ROOT_CLASS = YES_ERROR;
				CLANG_WARN_UNREACHABLE_CODE = YES;
				CLANG_WARN__DUPLICATE_METHOD_MATCH = YES;
				CODE_SIGN_IDENTITY = "-";
				COPY_PHASE_STRIP = NO;
				DEBUG_INFORMATION_FORMAT = "dwarf-with-dsym";
				ENABLE_NS_ASSERTIONS = NO;
				ENABLE_STRICT_OBJC_MSGSEND = YES;
				GCC_C_LANGUAGE_STANDARD = gnu99;
				GCC_NO_COMMON_BLOCKS = YES;
				GCC_WARN_64_TO_32_BIT_CONVERSION = YES;
				GCC_WARN_ABOUT_RETURN_TYPE = YES_ERROR;
				GCC_WARN_UNDECLARED_SELECTOR = YES;
				GCC_WARN_UNINITIALIZED_AUTOS = YES_AGGRESSIVE;
				GCC_WARN_UNUSED_FUNCTION = YES;
				GCC_WARN_UNUSED_VARIABLE = YES;
				MACOSX_DEPLOYMENT_TARGET = 10.11;
				MTL_ENABLE_DEBUG_INFO = NO;
				SDKROOT = macosx;
			};
			name = Release;
		};
		7F8658911D76620800CDA0E3 /* Debug */ = {
			isa = XCBuildConfiguration;
			buildSettings = {
				PRODUCT_NAME = "$(TARGET_NAME)";
			};
			name = Debug;
		};
		7F8658921D76620800CDA0E3 /* Release */ = {
			isa = XCBuildConfiguration;
			buildSettings = {
				PRODUCT_NAME = "$(TARGET_NAME)";
			};
			name = Release;
		};
/* End XCBuildConfiguration section */

/* Begin XCConfigurationList section */
		7F8658841D76620800CDA0E3 /* Build configuration list for PBXProject "StringProblems" */ = {
			isa = XCConfigurationList;
			buildConfigurations = (
				7F86588E1D76620800CDA0E3 /* Debug */,
				7F86588F1D76620800CDA0E3 /* Release */,
			);
			defaultConfigurationIsVisible = 0;
			defaultConfigurationName = Release;
		};
		7F8658901D76620800CDA0E3 /* Build configuration list for PBXNativeTarget "StringProblems" */ = {
			isa = XCConfigurationList;
			buildConfigurations = (
				7F8658911D76620800CDA0E3 /* Debug */,
				7F8658921D76620800CDA0E3 /* Release */,
			);
			defaultConfigurationIsVisible = 0;
		};
/* End XCConfigurationList section */
	};
	rootObject = 7F8658811D76620800CDA0E3 /* Project object */;
}
